// !$*UTF8*$!
{
	archiveVersion = 1;
	classes = {
	};
	objectVersion = 50;
	objects = {

/* Begin PBXBuildFile section */
		6A1B550F218019D900030157 /* AppDelegate.swift in Sources */ = {isa = PBXBuildFile; fileRef = 6A1B550E218019D900030157 /* AppDelegate.swift */; };
		6A1B5511218019D900030157 /* ViewController.swift in Sources */ = {isa = PBXBuildFile; fileRef = 6A1B5510218019D900030157 /* ViewController.swift */; };
		6A1B5514218019D900030157 /* Main.storyboard in Resources */ = {isa = PBXBuildFile; fileRef = 6A1B5512218019D900030157 /* Main.storyboard */; };
		6A1B5516218019D900030157 /* Assets.xcassets in Resources */ = {isa = PBXBuildFile; fileRef = 6A1B5515218019D900030157 /* Assets.xcassets */; };
		6A1B5519218019D900030157 /* LaunchScreen.storyboard in Resources */ = {isa = PBXBuildFile; fileRef = 6A1B5517218019D900030157 /* LaunchScreen.storyboard */; };
		6A1B55212180407800030157 /* imagePickerViewController.swift in Sources */ = {isa = PBXBuildFile; fileRef = 6A1B55202180407800030157 /* imagePickerViewController.swift */; };
		6A1B5526218048D400030157 /* MobileCoreServices.framework in Frameworks */ = {isa = PBXBuildFile; fileRef = 6A1B5525218048D400030157 /* MobileCoreServices.framework */; };
		6A76A534218192B5008E56CA /* AVCaptureViewController.swift in Sources */ = {isa = PBXBuildFile; fileRef = 6A76A533218192B5008E56CA /* AVCaptureViewController.swift */; };
/* End PBXBuildFile section */

/* Begin PBXFileReference section */
		6A1B550B218019D900030157 /* VideoRecordAndPlayDemo.app */ = {isa = PBXFileReference; explicitFileType = wrapper.application; includeInIndex = 0; path = VideoRecordAndPlayDemo.app; sourceTree = BUILT_PRODUCTS_DIR; };
		6A1B550E218019D900030157 /* AppDelegate.swift */ = {isa = PBXFileReference; lastKnownFileType = sourcecode.swift; path = AppDelegate.swift; sourceTree = "<group>"; };
		6A1B5510218019D900030157 /* ViewController.swift */ = {isa = PBXFileReference; lastKnownFileType = sourcecode.swift; path = ViewController.swift; sourceTree = "<group>"; };
		6A1B5513218019D900030157 /* Base */ = {isa = PBXFileReference; lastKnownFileType = file.storyboard; name = Base; path = Base.lproj/Main.storyboard; sourceTree = "<group>"; };
		6A1B5515218019D900030157 /* Assets.xcassets */ = {isa = PBXFileReference; lastKnownFileType = folder.assetcatalog; path = Assets.xcassets; sourceTree = "<group>"; };
		6A1B5518218019D900030157 /* Base */ = {isa = PBXFileReference; lastKnownFileType = file.storyboard; name = Base; path = Base.lproj/LaunchScreen.storyboard; sourceTree = "<group>"; };
		6A1B551A218019D900030157 /* Info.plist */ = {isa = PBXFileReference; lastKnownFileType = text.plist.xml; path = Info.plist; sourceTree = "<group>"; };
		6A1B55202180407800030157 /* imagePickerViewController.swift */ = {isa = PBXFileReference; lastKnownFileType = sourcecode.swift; path = imagePickerViewController.swift; sourceTree = "<group>"; };
		6A1B55232180487B00030157 /* CoreServices.framework */ = {isa = PBXFileReference; lastKnownFileType = wrapper.framework; name = CoreServices.framework; path = System/Library/Frameworks/CoreServices.framework; sourceTree = SDKROOT; };
		6A1B5525218048D400030157 /* MobileCoreServices.framework */ = {isa = PBXFileReference; lastKnownFileType = wrapper.framework; name = MobileCoreServices.framework; path = System/Library/Frameworks/MobileCoreServices.framework; sourceTree = SDKROOT; };
		6A76A533218192B5008E56CA /* AVCaptureViewController.swift */ = {isa = PBXFileReference; lastKnownFileType = sourcecode.swift; path = AVCaptureViewController.swift; sourceTree = "<group>"; };
/* End PBXFileReference section */

/* Begin PBXFrameworksBuildPhase section */
		6A1B5508218019D900030157 /* Frameworks */ = {
			isa = PBXFrameworksBuildPhase;
			buildActionMask = 2147483647;
			files = (
				6A1B5526218048D400030157 /* MobileCoreServices.framework in Frameworks */,
			);
			runOnlyForDeploymentPostprocessing = 0;
		};
/* End PBXFrameworksBuildPhase section */

/* Begin PBXGroup section */
		6A1B5502218019D900030157 = {
			isa = PBXGroup;
			children = (
				6A1B550D218019D900030157 /* VideoRecordAndPlayDemo */,
				6A1B550C218019D900030157 /* Products */,
				6A1B55222180487B00030157 /* Frameworks */,
			);
			sourceTree = "<group>";
		};
		6A1B550C218019D900030157 /* Products */ = {
			isa = PBXGroup;
			children = (
				6A1B550B218019D900030157 /* VideoRecordAndPlayDemo.app */,
			);
			name = Products;
			sourceTree = "<group>";
		};
		6A1B550D218019D900030157 /* VideoRecordAndPlayDemo */ = {
			isa = PBXGroup;
			children = (
				6A1B550E218019D900030157 /* AppDelegate.swift */,
				6A1B5510218019D900030157 /* ViewController.swift */,
				6A76A533218192B5008E56CA /* AVCaptureViewController.swift */,
				6A1B55202180407800030157 /* imagePickerViewController.swift */,
				6A1B5512218019D900030157 /* Main.storyboard */,
				6A1B5515218019D900030157 /* Assets.xcassets */,
				6A1B5517218019D900030157 /* LaunchScreen.storyboard */,
				6A1B551A218019D900030157 /* Info.plist */,
			);
			path = VideoRecordAndPlayDemo;
			sourceTree = "<group>";
		};
		6A1B55222180487B00030157 /* Frameworks */ = {
			isa = PBXGroup;
			children = (
				6A1B5525218048D400030157 /* MobileCoreServices.framework */,
				6A1B55232180487B00030157 /* CoreServices.framework */,
			);
			name = Frameworks;
			sourceTree = "<group>";
		};
/* End PBXGroup section */

/* Begin PBXNativeTarget section */
		6A1B550A218019D900030157 /* VideoRecordAndPlayDemo */ = {
			isa = PBXNativeTarget;
			buildConfigurationList = 6A1B551D218019D900030157 /* Build configuration list for PBXNativeTarget "VideoRecordAndPlayDemo" */;
			buildPhases = (
				6A1B5507218019D900030157 /* Sources */,
				6A1B5508218019D900030157 /* Frameworks */,
				6A1B5509218019D900030157 /* Resources */,
			);
			buildRules = (
			);
			dependencies = (
			);
			name = VideoRecordAndPlayDemo;
			productName = VideoRecordAndPlayDemo;
			productReference = 6A1B550B218019D900030157 /* VideoRecordAndPlayDemo.app */;
			productType = "com.apple.product-type.application";
		};
/* End PBXNativeTarget section */

/* Begin PBXProject section */
		6A1B5503218019D900030157 /* Project object */ = {
			isa = PBXProject;
			attributes = {
				LastSwiftUpdateCheck = 1000;
				LastUpgradeCheck = 1000;
				ORGANIZATIONNAME = Minewtech;
				TargetAttributes = {
					6A1B550A218019D900030157 = {
						CreatedOnToolsVersion = 10.0;
					};
				};
			};
			buildConfigurationList = 6A1B5506218019D900030157 /* Build configuration list for PBXProject "VideoRecordAndPlayDemo" */;
			compatibilityVersion = "Xcode 9.3";
			developmentRegion = en;
			hasScannedForEncodings = 0;
			knownRegions = (
				en,
				Base,
			);
			mainGroup = 6A1B5502218019D900030157;
			productRefGroup = 6A1B550C218019D900030157 /* Products */;
			projectDirPath = "";
			projectRoot = "";
			targets = (
				6A1B550A218019D900030157 /* VideoRecordAndPlayDemo */,
			);
		};
/* End PBXProject section */

/* Begin PBXResourcesBuildPhase section */
		6A1B5509218019D900030157 /* Resources */ = {
			isa = PBXResourcesBuildPhase;
			buildActionMask = 2147483647;
			files = (
				6A1B5519218019D900030157 /* LaunchScreen.storyboard in Resources */,
				6A1B5516218019D900030157 /* Assets.xcassets in Resources */,
				6A1B5514218019D900030157 /* Main.storyboard in Resources */,
			);
			runOnlyForDeploymentPostprocessing = 0;
		};
/* End PBXResourcesBuildPhase section */

/* Begin PBXSourcesBuildPhase section */
		6A1B5507218019D900030157 /* Sources */ = {
			isa = PBXSourcesBuildPhase;
			buildActionMask = 2147483647;
			files = (
				6A1B5511218019D900030157 /* ViewController.swift in Sources */,
				6A1B550F218019D900030157 /* AppDelegate.swift in Sources */,
				6A76A534218192B5008E56CA /* AVCaptureViewController.swift in Sources */,
				6A1B55212180407800030157 /* imagePickerViewController.swift in Sources */,
			);
			runOnlyForDeploymentPostprocessing = 0;
		};
/* End PBXSourcesBuildPhase section */

/* Begin PBXVariantGroup section */
		6A1B5512218019D900030157 /* Main.storyboard */ = {
			isa = PBXVariantGroup;
			children = (
				6A1B5513218019D900030157 /* Base */,
			);
			name = Main.storyboard;
			sourceTree = "<group>";
		};
		6A1B5517218019D900030157 /* LaunchScreen.storyboard */ = {
			isa = PBXVariantGroup;
			children = (
				6A1B5518218019D900030157 /* Base */,
			);
			name = LaunchScreen.storyboard;
			sourceTree = "<group>";
		};
/* End PBXVariantGroup section */

/* Begin XCBuildConfiguration section */
		6A1B551B218019D900030157 /* Debug */ = {
			isa = XCBuildConfiguration;
			buildSettings = {
				ALWAYS_SEARCH_USER_PATHS = NO;
				CLANG_ANALYZER_NONNULL = YES;
				CLANG_ANALYZER_NUMBER_OBJECT_CONVERSION = YES_AGGRESSIVE;
				CLANG_CXX_LANGUAGE_STANDARD = "gnu++14";
				CLANG_CXX_LIBRARY = "libc++";
				CLANG_ENABLE_MODULES = YES;
				CLANG_ENABLE_OBJC_ARC = YES;
				CLANG_ENABLE_OBJC_WEAK = YES;
				CLANG_WARN_BLOCK_CAPTURE_AUTORELEASING = YES;
				CLANG_WARN_BOOL_CONVERSION = YES;
				CLANG_WARN_COMMA = YES;
				CLANG_WARN_CONSTANT_CONVERSION = YES;
				CLANG_WARN_DEPRECATED_OBJC_IMPLEMENTATIONS = YES;
				CLANG_WARN_DIRECT_OBJC_ISA_USAGE = YES_ERROR;
				CLANG_WARN_DOCUMENTATION_COMMENTS = YES;
				CLANG_WARN_EMPTY_BODY = YES;
				CLANG_WARN_ENUM_CONVERSION = YES;
				CLANG_WARN_INFINITE_RECURSION = YES;
				CLANG_WARN_INT_CONVERSION = YES;
				CLANG_WARN_NON_LITERAL_NULL_CONVERSION = YES;
				CLANG_WARN_OBJC_IMPLICIT_RETAIN_SELF = YES;
				CLANG_WARN_OBJC_LITERAL_CONVERSION = YES;
				CLANG_WARN_OBJC_ROOT_CLASS = YES_ERROR;
				CLANG_WARN_RANGE_LOOP_ANALYSIS = YES;
				CLANG_WARN_STRICT_PROTOTYPES = YES;
				CLANG_WARN_SUSPICIOUS_MOVE = YES;
				CLANG_WARN_UNGUARDED_AVAILABILITY = YES_AGGRESSIVE;
				CLANG_WARN_UNREACHABLE_CODE = YES;
				CLANG_WARN__DUPLICATE_METHOD_MATCH = YES;
				CODE_SIGN_IDENTITY = "iPhone Developer";
				COPY_PHASE_STRIP = NO;
				DEBUG_INFORMATION_FORMAT = dwarf;
				ENABLE_STRICT_OBJC_MSGSEND = YES;
				ENABLE_TESTABILITY = YES;
				GCC_C_LANGUAGE_STANDARD = gnu11;
				GCC_DYNAMIC_NO_PIC = NO;
				GCC_NO_COMMON_BLOCKS = YES;
				GCC_OPTIMIZATION_LEVEL = 0;
				GCC_PREPROCESSOR_DEFINITIONS = (
					"DEBUG=1",
					"$(inherited)",
				);
				GCC_WARN_64_TO_32_BIT_CONVERSION = YES;
				GCC_WARN_ABOUT_RETURN_TYPE = YES_ERROR;
				GCC_WARN_UNDECLARED_SELECTOR = YES;
				GCC_WARN_UNINITIALIZED_AUTOS = YES_AGGRESSIVE;
				GCC_WARN_UNUSED_FUNCTION = YES;
				GCC_WARN_UNUSED_VARIABLE = YES;
				IPHONEOS_DEPLOYMENT_TARGET = 12.0;
				MTL_ENABLE_DEBUG_INFO = INCLUDE_SOURCE;
				MTL_FAST_MATH = YES;
				ONLY_ACTIVE_ARCH = YES;
				SDKROOT = iphoneos;
				SWIFT_ACTIVE_COMPILATION_CONDITIONS = DEBUG;
				SWIFT_OPTIMIZATION_LEVEL = "-Onone";
			};
			name = Debug;
		};
		6A1B551C218019D900030157 /* Release */ = {
			isa = XCBuildConfiguration;
			buildSettings = {
				ALWAYS_SEARCH_USER_PATHS = NO;
				CLANG_ANALYZER_NONNULL = YES;
				CLANG_ANALYZER_NUMBER_OBJECT_CONVERSION = YES_AGGRESSIVE;
				CLANG_CXX_LANGUAGE_STANDARD = "gnu++14";
				CLANG_CXX_LIBRARY = "libc++";
				CLANG_ENABLE_MODULES = YES;
				CLANG_ENABLE_OBJC_ARC = YES;
				CLANG_ENABLE_OBJC_WEAK = YES;
				CLANG_WARN_BLOCK_CAPTURE_AUTORELEASING = YES;
				CLANG_WARN_BOOL_CONVERSION = YES;
				CLANG_WARN_COMMA = YES;
				CLANG_WARN_CONSTANT_CONVERSION = YES;
				CLANG_WARN_DEPRECATED_OBJC_IMPLEMENTATIONS = YES;
				CLANG_WARN_DIRECT_OBJC_ISA_USAGE = YES_ERROR;
				CLANG_WARN_DOCUMENTATION_COMMENTS = YES;
				CLANG_WARN_EMPTY_BODY = YES;
				CLANG_WARN_ENUM_CONVERSION = YES;
				CLANG_WARN_INFINITE_RECURSION = YES;
				CLANG_WARN_INT_CONVERSION = YES;
				CLANG_WARN_NON_LITERAL_NULL_CONVERSION = YES;
				CLANG_WARN_OBJC_IMPLICIT_RETAIN_SELF = YES;
				CLANG_WARN_OBJC_LITERAL_CONVERSION = YES;
				CLANG_WARN_OBJC_ROOT_CLASS = YES_ERROR;
				CLANG_WARN_RANGE_LOOP_ANALYSIS = YES;
				CLANG_WARN_STRICT_PROTOTYPES = YES;
				CLANG_WARN_SUSPICIOUS_MOVE = YES;
				CLANG_WARN_UNGUARDED_AVAILABILITY = YES_AGGRESSIVE;
				CLANG_WARN_UNREACHABLE_CODE = YES;
				CLANG_WARN__DUPLICATE_METHOD_MATCH = YES;
				CODE_SIGN_IDENTITY = "iPhone Developer";
				COPY_PHASE_STRIP = NO;
				DEBUG_INFORMATION_FORMAT = "dwarf-with-dsym";
				ENABLE_NS_ASSERTIONS = NO;
				ENABLE_STRICT_OBJC_MSGSEND = YES;
				GCC_C_LANGUAGE_STANDARD = gnu11;
				GCC_NO_COMMON_BLOCKS = YES;
				GCC_WARN_64_TO_32_BIT_CONVERSION = YES;
				GCC_WARN_ABOUT_RETURN_TYPE = YES_ERROR;
				GCC_WARN_UNDECLARED_SELECTOR = YES;
				GCC_WARN_UNINITIALIZED_AUTOS = YES_AGGRESSIVE;
				GCC_WARN_UNUSED_FUNCTION = YES;
				GCC_WARN_UNUSED_VARIABLE = YES;
				IPHONEOS_DEPLOYMENT_TARGET = 12.0;
				MTL_ENABLE_DEBUG_INFO = NO;
				MTL_FAST_MATH = YES;
				SDKROOT = iphoneos;
				SWIFT_COMPILATION_MODE = wholemodule;
				SWIFT_OPTIMIZATION_LEVEL = "-O";
				VALIDATE_PRODUCT = YES;
			};
			name = Release;
		};
		6A1B551E218019D900030157 /* Debug */ = {
			isa = XCBuildConfiguration;
			buildSettings = {
				ASSETCATALOG_COMPILER_APPICON_NAME = AppIcon;
				CODE_SIGN_STYLE = Automatic;
				DEVELOPMENT_TEAM = 646P9H983T;
				ENABLE_BITCODE = YES;
				INFOPLIST_FILE = VideoRecordAndPlayDemo/Info.plist;
				IPHONEOS_DEPLOYMENT_TARGET = 11.0;
				LD_RUNPATH_SEARCH_PATHS = (
					"$(inherited)",
					"@executable_path/Frameworks",
				);
				PRODUCT_BUNDLE_IDENTIFIER = minew.VideoRecordAndPlayDemo;
				PRODUCT_NAME = "$(TARGET_NAME)";
				SWIFT_VERSION = 4.2;
				TARGETED_DEVICE_FAMILY = "1,2";
			};
			name = Debug;
		};
		6A1B551F218019D900030157 /* Release */ = {
			isa = XCBuildConfiguration;
			buildSettings = {
				ASSETCATALOG_COMPILER_APPICON_NAME = AppIcon;
				CODE_SIGN_STYLE = Automatic;
				DEVELOPMENT_TEAM = 646P9H983T;
				ENABLE_BITCODE = YES;
				INFOPLIST_FILE = VideoRecordAndPlayDemo/Info.plist;
				IPHONEOS_DEPLOYMENT_TARGET = 11.0;
				LD_RUNPATH_SEARCH_PATHS = (
					"$(inherited)",
					"@executable_path/Frameworks",
				);
				PRODUCT_BUNDLE_IDENTIFIER = minew.VideoRecordAndPlayDemo;
				PRODUCT_NAME = "$(TARGET_NAME)";
				SWIFT_VERSION = 4.2;
				TARGETED_DEVICE_FAMILY = "1,2";
			};
			name = Release;
		};
/* End XCBuildConfiguration section */

/* Begin XCConfigurationList section */
		6A1B5506218019D900030157 /* Build configuration list for PBXProject "VideoRecordAndPlayDemo" */ = {
			isa = XCConfigurationList;
			buildConfigurations = (
				6A1B551B218019D900030157 /* Debug */,
				6A1B551C218019D900030157 /* Release */,
			);
			defaultConfigurationIsVisible = 0;
			defaultConfigurationName = Release;
		};
		6A1B551D218019D900030157 /* Build configuration list for PBXNativeTarget "VideoRecordAndPlayDemo" */ = {
			isa = XCConfigurationList;
			buildConfigurations = (
				6A1B551E218019D900030157 /* Debug */,
				6A1B551F218019D900030157 /* Release */,
			);
			defaultConfigurationIsVisible = 0;
			defaultConfigurationName = Release;
		};
/* End XCConfigurationList section */
	};
	rootObject = 6A1B5503218019D900030157 /* Project object */;
}
